
Microsoft Visual Studio Solution File, Format Version 12.00
# Visual Studio 2015
Project("{FAE04EC0-301F-11D3-BF4B-00C04F79EFBC}") = "Reflex Hammer!.CSharp.Plugins", "Reflex Hammer!.CSharp.Plugins.csproj", "{CA3D5017-EAAE-B944-9448-EED7BD5DE392}"
EndProject
Project("{FAE04EC0-301F-11D3-BF4B-00C04F79EFBC}") = "Reflex Hammer!.CSharp", "Reflex Hammer!.CSharp.csproj", "{1CE3CB2E-9460-C427-B962-6B07A9580CDD}"
EndProject
Global
	GlobalSection(SolutionConfigurationPlatforms) = preSolution
		Debug|Any CPU = Debug|Any CPU
		Release|Any CPU = Release|Any CPU
	EndGlobalSection
	GlobalSection(ProjectConfigurationPlatforms) = postSolution
		{CA3D5017-EAAE-B944-9448-EED7BD5DE392}.Debug|Any CPU.ActiveCfg = Debug|Any CPU
		{CA3D5017-EAAE-B944-9448-EED7BD5DE392}.Debug|Any CPU.Build.0 = Debug|Any CPU
		{CA3D5017-EAAE-B944-9448-EED7BD5DE392}.Release|Any CPU.ActiveCfg = Release|Any CPU
		{CA3D5017-EAAE-B944-9448-EED7BD5DE392}.Release|Any CPU.Build.0 = Release|Any CPU
		{1CE3CB2E-9460-C427-B962-6B07A9580CDD}.Debug|Any CPU.ActiveCfg = Debug|Any CPU
		{1CE3CB2E-9460-C427-B962-6B07A9580CDD}.Debug|Any CPU.Build.0 = Debug|Any CPU
		{1CE3CB2E-9460-C427-B962-6B07A9580CDD}.Release|Any CPU.ActiveCfg = Release|Any CPU
		{1CE3CB2E-9460-C427-B962-6B07A9580CDD}.Release|Any CPU.Build.0 = Release|Any CPU
	EndGlobalSection
	GlobalSection(SolutionProperties) = preSolution
		HideSolutionNode = FALSE
	EndGlobalSection
EndGlobal
